// !$*UTF8*$!
{
	archiveVersion = 1;
	classes = {
	};
	objectVersion = 50;
	objects = {

/* Begin PBXBuildFile section */
		2171F2BF85784E54D33D5EFB /* Pods_image_depth_z_buffer.framework in Frameworks */ = {isa = PBXBuildFile; fileRef = D9E7514FEC626DC76A28A8DD /* Pods_image_depth_z_buffer.framework */; };
		7CE2D62422B79AF7001AA193 /* AppDelegate.swift in Sources */ = {isa = PBXBuildFile; fileRef = 7CE2D62322B79AF7001AA193 /* AppDelegate.swift */; };
		7CE2D62622B79AF7001AA193 /* MainVC.swift in Sources */ = {isa = PBXBuildFile; fileRef = 7CE2D62522B79AF7001AA193 /* MainVC.swift */; };
		7CE2D62B22B79AF8001AA193 /* Assets.xcassets in Resources */ = {isa = PBXBuildFile; fileRef = 7CE2D62A22B79AF8001AA193 /* Assets.xcassets */; };
		7CE2D62E22B79AF8001AA193 /* LaunchScreen.storyboard in Resources */ = {isa = PBXBuildFile; fileRef = 7CE2D62C22B79AF8001AA193 /* LaunchScreen.storyboard */; };
		7CE2D63922B7A082001AA193 /* combine_image.jpg in Resources */ = {isa = PBXBuildFile; fileRef = 7CE2D63822B7A082001AA193 /* combine_image.jpg */; };
		7CE2D63B22B7A0E5001AA193 /* original_image.jpg in Resources */ = {isa = PBXBuildFile; fileRef = 7CE2D63A22B7A0E5001AA193 /* original_image.jpg */; };
		7CE2D63D22B7A123001AA193 /* zbuffer.jpg in Resources */ = {isa = PBXBuildFile; fileRef = 7CE2D63C22B7A123001AA193 /* zbuffer.jpg */; };
		7CE2D64022B7CAD1001AA193 /* MainView.swift in Sources */ = {isa = PBXBuildFile; fileRef = 7CE2D63F22B7CAD1001AA193 /* MainView.swift */; };
		7CE2D64222B7CE9E001AA193 /* ImageLoader.swift in Sources */ = {isa = PBXBuildFile; fileRef = 7CE2D64122B7CE9E001AA193 /* ImageLoader.swift */; };
		7CE2D64422B7E2CC001AA193 /* DepthReader.swift in Sources */ = {isa = PBXBuildFile; fileRef = 7CE2D64322B7E2CC001AA193 /* DepthReader.swift */; };
		7CE2D64722B7E5A0001AA193 /* CVPixelBuffer+Ext.swift in Sources */ = {isa = PBXBuildFile; fileRef = 7CE2D64622B7E5A0001AA193 /* CVPixelBuffer+Ext.swift */; };
		7CE2D64922B7EC1E001AA193 /* UIImage+Ext.swift in Sources */ = {isa = PBXBuildFile; fileRef = 7CE2D64822B7EC1E001AA193 /* UIImage+Ext.swift */; };
		7CE2D64C22B8044E001AA193 /* CIImage+Ext.swift in Sources */ = {isa = PBXBuildFile; fileRef = 7CE2D64A22B8044E001AA193 /* CIImage+Ext.swift */; };
		7CE2D64D22B8044E001AA193 /* CGImage+Ext.swift in Sources */ = {isa = PBXBuildFile; fileRef = 7CE2D64B22B8044E001AA193 /* CGImage+Ext.swift */; };
		7CE2D64F22B80666001AA193 /* test.jpg in Resources */ = {isa = PBXBuildFile; fileRef = 7CE2D64E22B80666001AA193 /* test.jpg */; };
		7CE2D65122B80C93001AA193 /* realTest.jpeg in Resources */ = {isa = PBXBuildFile; fileRef = 7CE2D65022B80C93001AA193 /* realTest.jpeg */; };
		7CF54DE822B81FFE008A4337 /* URL+Ext.swift in Sources */ = {isa = PBXBuildFile; fileRef = 7CF54DE722B81FFE008A4337 /* URL+Ext.swift */; };
		7CF54DEA22B828CF008A4337 /* ImageSaver.swift in Sources */ = {isa = PBXBuildFile; fileRef = 7CF54DE922B828CF008A4337 /* ImageSaver.swift */; };
		7CF54DEC22B83070008A4337 /* AlertPresenter.swift in Sources */ = {isa = PBXBuildFile; fileRef = 7CF54DEB22B83070008A4337 /* AlertPresenter.swift */; };
		7CF54DEE22B830EB008A4337 /* UIApplication+Ext.swift in Sources */ = {isa = PBXBuildFile; fileRef = 7CF54DED22B830EB008A4337 /* UIApplication+Ext.swift */; };
/* End PBXBuildFile section */

/* Begin PBXFileReference section */
		4855286FA5F11C8FA0D1D147 /* Pods-image-depth-z-buffer.debug.xcconfig */ = {isa = PBXFileReference; includeInIndex = 1; lastKnownFileType = text.xcconfig; name = "Pods-image-depth-z-buffer.debug.xcconfig"; path = "Target Support Files/Pods-image-depth-z-buffer/Pods-image-depth-z-buffer.debug.xcconfig"; sourceTree = "<group>"; };
		7CE2D62022B79AF7001AA193 /* image-depth-z-buffer.app */ = {isa = PBXFileReference; explicitFileType = wrapper.application; includeInIndex = 0; path = "image-depth-z-buffer.app"; sourceTree = BUILT_PRODUCTS_DIR; };
		7CE2D62322B79AF7001AA193 /* AppDelegate.swift */ = {isa = PBXFileReference; lastKnownFileType = sourcecode.swift; path = AppDelegate.swift; sourceTree = "<group>"; };
		7CE2D62522B79AF7001AA193 /* MainVC.swift */ = {isa = PBXFileReference; lastKnownFileType = sourcecode.swift; path = MainVC.swift; sourceTree = "<group>"; };
		7CE2D62A22B79AF8001AA193 /* Assets.xcassets */ = {isa = PBXFileReference; lastKnownFileType = folder.assetcatalog; path = Assets.xcassets; sourceTree = "<group>"; };
		7CE2D62D22B79AF8001AA193 /* Base */ = {isa = PBXFileReference; lastKnownFileType = file.storyboard; name = Base; path = Base.lproj/LaunchScreen.storyboard; sourceTree = "<group>"; };
		7CE2D62F22B79AF8001AA193 /* Info.plist */ = {isa = PBXFileReference; lastKnownFileType = text.plist.xml; path = Info.plist; sourceTree = "<group>"; };
		7CE2D63822B7A082001AA193 /* combine_image.jpg */ = {isa = PBXFileReference; lastKnownFileType = image.jpeg; path = combine_image.jpg; sourceTree = "<group>"; };
		7CE2D63A22B7A0E5001AA193 /* original_image.jpg */ = {isa = PBXFileReference; lastKnownFileType = image.jpeg; path = original_image.jpg; sourceTree = "<group>"; };
		7CE2D63C22B7A123001AA193 /* zbuffer.jpg */ = {isa = PBXFileReference; lastKnownFileType = image.jpeg; path = zbuffer.jpg; sourceTree = "<group>"; };
		7CE2D63F22B7CAD1001AA193 /* MainView.swift */ = {isa = PBXFileReference; lastKnownFileType = sourcecode.swift; path = MainView.swift; sourceTree = "<group>"; };
		7CE2D64122B7CE9E001AA193 /* ImageLoader.swift */ = {isa = PBXFileReference; lastKnownFileType = sourcecode.swift; path = ImageLoader.swift; sourceTree = "<group>"; };
		7CE2D64322B7E2CC001AA193 /* DepthReader.swift */ = {isa = PBXFileReference; lastKnownFileType = sourcecode.swift; path = DepthReader.swift; sourceTree = "<group>"; };
		7CE2D64622B7E5A0001AA193 /* CVPixelBuffer+Ext.swift */ = {isa = PBXFileReference; lastKnownFileType = sourcecode.swift; path = "CVPixelBuffer+Ext.swift"; sourceTree = "<group>"; };
		7CE2D64822B7EC1E001AA193 /* UIImage+Ext.swift */ = {isa = PBXFileReference; lastKnownFileType = sourcecode.swift; path = "UIImage+Ext.swift"; sourceTree = "<group>"; };
		7CE2D64A22B8044E001AA193 /* CIImage+Ext.swift */ = {isa = PBXFileReference; fileEncoding = 4; lastKnownFileType = sourcecode.swift; path = "CIImage+Ext.swift"; sourceTree = "<group>"; };
		7CE2D64B22B8044E001AA193 /* CGImage+Ext.swift */ = {isa = PBXFileReference; fileEncoding = 4; lastKnownFileType = sourcecode.swift; path = "CGImage+Ext.swift"; sourceTree = "<group>"; };
		7CE2D64E22B80666001AA193 /* test.jpg */ = {isa = PBXFileReference; lastKnownFileType = image.jpeg; path = test.jpg; sourceTree = "<group>"; };
		7CE2D65022B80C93001AA193 /* realTest.jpeg */ = {isa = PBXFileReference; lastKnownFileType = image.jpeg; path = realTest.jpeg; sourceTree = "<group>"; };
		7CF54DE722B81FFE008A4337 /* URL+Ext.swift */ = {isa = PBXFileReference; lastKnownFileType = sourcecode.swift; path = "URL+Ext.swift"; sourceTree = "<group>"; };
		7CF54DE922B828CF008A4337 /* ImageSaver.swift */ = {isa = PBXFileReference; lastKnownFileType = sourcecode.swift; path = ImageSaver.swift; sourceTree = "<group>"; };
		7CF54DEB22B83070008A4337 /* AlertPresenter.swift */ = {isa = PBXFileReference; fileEncoding = 4; lastKnownFileType = sourcecode.swift; path = AlertPresenter.swift; sourceTree = "<group>"; };
		7CF54DED22B830EB008A4337 /* UIApplication+Ext.swift */ = {isa = PBXFileReference; fileEncoding = 4; lastKnownFileType = sourcecode.swift; path = "UIApplication+Ext.swift"; sourceTree = "<group>"; };
		C59B5B6043B1785C222D64EE /* Pods-image-depth-z-buffer.release.xcconfig */ = {isa = PBXFileReference; includeInIndex = 1; lastKnownFileType = text.xcconfig; name = "Pods-image-depth-z-buffer.release.xcconfig"; path = "Target Support Files/Pods-image-depth-z-buffer/Pods-image-depth-z-buffer.release.xcconfig"; sourceTree = "<group>"; };
		D9E7514FEC626DC76A28A8DD /* Pods_image_depth_z_buffer.framework */ = {isa = PBXFileReference; explicitFileType = wrapper.framework; includeInIndex = 0; path = Pods_image_depth_z_buffer.framework; sourceTree = BUILT_PRODUCTS_DIR; };
/* End PBXFileReference section */

/* Begin PBXFrameworksBuildPhase section */
		7CE2D61D22B79AF7001AA193 /* Frameworks */ = {
			isa = PBXFrameworksBuildPhase;
			buildActionMask = 2147483647;
			files = (
				2171F2BF85784E54D33D5EFB /* Pods_image_depth_z_buffer.framework in Frameworks */,
			);
			runOnlyForDeploymentPostprocessing = 0;
		};
/* End PBXFrameworksBuildPhase section */

/* Begin PBXGroup section */
		3A66CDD0F03140BDC6C11369 /* Pods */ = {
			isa = PBXGroup;
			children = (
				4855286FA5F11C8FA0D1D147 /* Pods-image-depth-z-buffer.debug.xcconfig */,
				C59B5B6043B1785C222D64EE /* Pods-image-depth-z-buffer.release.xcconfig */,
			);
			path = Pods;
			sourceTree = "<group>";
		};
		7CE2D61722B79AF7001AA193 = {
			isa = PBXGroup;
			children = (
				7CE2D62222B79AF7001AA193 /* image-depth-z-buffer */,
				7CE2D62122B79AF7001AA193 /* Products */,
				3A66CDD0F03140BDC6C11369 /* Pods */,
				DF7D03039B56C5588DC1F4E4 /* Frameworks */,
			);
			sourceTree = "<group>";
		};
		7CE2D62122B79AF7001AA193 /* Products */ = {
			isa = PBXGroup;
			children = (
				7CE2D62022B79AF7001AA193 /* image-depth-z-buffer.app */,
			);
			name = Products;
			sourceTree = "<group>";
		};
		7CE2D62222B79AF7001AA193 /* image-depth-z-buffer */ = {
			isa = PBXGroup;
			children = (
				7CE2D64522B7E58E001AA193 /* Extensions */,
				7CE2D63E22B7CA9B001AA193 /* Services */,
				7CE2D63722B7A061001AA193 /* Resources */,
				7CE2D63622B79C78001AA193 /* BundleFiles */,
				7CE2D63522B79C4D001AA193 /* UserStory */,
			);
			path = "image-depth-z-buffer";
			sourceTree = "<group>";
		};
		7CE2D63522B79C4D001AA193 /* UserStory */ = {
			isa = PBXGroup;
			children = (
				7CE2D62522B79AF7001AA193 /* MainVC.swift */,
				7CE2D63F22B7CAD1001AA193 /* MainView.swift */,
			);
			path = UserStory;
			sourceTree = "<group>";
		};
		7CE2D63622B79C78001AA193 /* BundleFiles */ = {
			isa = PBXGroup;
			children = (
				7CE2D62C22B79AF8001AA193 /* LaunchScreen.storyboard */,
				7CE2D62322B79AF7001AA193 /* AppDelegate.swift */,
				7CE2D62F22B79AF8001AA193 /* Info.plist */,
				7CE2D62A22B79AF8001AA193 /* Assets.xcassets */,
			);
			path = BundleFiles;
			sourceTree = "<group>";
		};
		7CE2D63722B7A061001AA193 /* Resources */ = {
			isa = PBXGroup;
			children = (
				7CE2D65022B80C93001AA193 /* realTest.jpeg */,
				7CE2D64E22B80666001AA193 /* test.jpg */,
				7CE2D63822B7A082001AA193 /* combine_image.jpg */,
				7CE2D63A22B7A0E5001AA193 /* original_image.jpg */,
				7CE2D63C22B7A123001AA193 /* zbuffer.jpg */,
			);
			path = Resources;
			sourceTree = "<group>";
		};
		7CE2D63E22B7CA9B001AA193 /* Services */ = {
			isa = PBXGroup;
			children = (
				7CF54DEB22B83070008A4337 /* AlertPresenter.swift */,
				7CE2D64122B7CE9E001AA193 /* ImageLoader.swift */,
				7CE2D64322B7E2CC001AA193 /* DepthReader.swift */,
				7CF54DE922B828CF008A4337 /* ImageSaver.swift */,
			);
			path = Services;
			sourceTree = "<group>";
		};
		7CE2D64522B7E58E001AA193 /* Extensions */ = {
			isa = PBXGroup;
			children = (
				7CF54DED22B830EB008A4337 /* UIApplication+Ext.swift */,
				7CE2D64B22B8044E001AA193 /* CGImage+Ext.swift */,
				7CE2D64A22B8044E001AA193 /* CIImage+Ext.swift */,
				7CE2D64622B7E5A0001AA193 /* CVPixelBuffer+Ext.swift */,
				7CE2D64822B7EC1E001AA193 /* UIImage+Ext.swift */,
				7CF54DE722B81FFE008A4337 /* URL+Ext.swift */,
			);
			path = Extensions;
			sourceTree = "<group>";
		};
		DF7D03039B56C5588DC1F4E4 /* Frameworks */ = {
			isa = PBXGroup;
			children = (
				D9E7514FEC626DC76A28A8DD /* Pods_image_depth_z_buffer.framework */,
			);
			name = Frameworks;
			sourceTree = "<group>";
		};
/* End PBXGroup section */

/* Begin PBXNativeTarget section */
		7CE2D61F22B79AF7001AA193 /* image-depth-z-buffer */ = {
			isa = PBXNativeTarget;
			buildConfigurationList = 7CE2D63222B79AF8001AA193 /* Build configuration list for PBXNativeTarget "image-depth-z-buffer" */;
			buildPhases = (
				E0D70763FDCA9DA7A163E7E0 /* [CP] Check Pods Manifest.lock */,
				7CE2D61C22B79AF7001AA193 /* Sources */,
				7CE2D61D22B79AF7001AA193 /* Frameworks */,
				7CE2D61E22B79AF7001AA193 /* Resources */,
				6F2C580CDA9BEEC86ED1F1DE /* [CP] Embed Pods Frameworks */,
			);
			buildRules = (
			);
			dependencies = (
			);
			name = "image-depth-z-buffer";
			productName = "image-depth-z-buffer";
			productReference = 7CE2D62022B79AF7001AA193 /* image-depth-z-buffer.app */;
			productType = "com.apple.product-type.application";
		};
/* End PBXNativeTarget section */

/* Begin PBXProject section */
		7CE2D61822B79AF7001AA193 /* Project object */ = {
			isa = PBXProject;
			attributes = {
				LastSwiftUpdateCheck = 1020;
				LastUpgradeCheck = 1020;
				ORGANIZATIONNAME = serglam;
				TargetAttributes = {
					7CE2D61F22B79AF7001AA193 = {
						CreatedOnToolsVersion = 10.2.1;
					};
				};
			};
			buildConfigurationList = 7CE2D61B22B79AF7001AA193 /* Build configuration list for PBXProject "image-depth-z-buffer" */;
			compatibilityVersion = "Xcode 9.3";
			developmentRegion = en;
			hasScannedForEncodings = 0;
			knownRegions = (
				en,
				Base,
			);
			mainGroup = 7CE2D61722B79AF7001AA193;
			productRefGroup = 7CE2D62122B79AF7001AA193 /* Products */;
			projectDirPath = "";
			projectRoot = "";
			targets = (
				7CE2D61F22B79AF7001AA193 /* image-depth-z-buffer */,
			);
		};
/* End PBXProject section */

/* Begin PBXResourcesBuildPhase section */
		7CE2D61E22B79AF7001AA193 /* Resources */ = {
			isa = PBXResourcesBuildPhase;
			buildActionMask = 2147483647;
			files = (
				7CE2D63B22B7A0E5001AA193 /* original_image.jpg in Resources */,
				7CE2D64F22B80666001AA193 /* test.jpg in Resources */,
				7CE2D63922B7A082001AA193 /* combine_image.jpg in Resources */,
				7CE2D62E22B79AF8001AA193 /* LaunchScreen.storyboard in Resources */,
				7CE2D63D22B7A123001AA193 /* zbuffer.jpg in Resources */,
				7CE2D62B22B79AF8001AA193 /* Assets.xcassets in Resources */,
				7CE2D65122B80C93001AA193 /* realTest.jpeg in Resources */,
			);
			runOnlyForDeploymentPostprocessing = 0;
		};
/* End PBXResourcesBuildPhase section */

/* Begin PBXShellScriptBuildPhase section */
		6F2C580CDA9BEEC86ED1F1DE /* [CP] Embed Pods Frameworks */ = {
			isa = PBXShellScriptBuildPhase;
			buildActionMask = 2147483647;
			files = (
			);
			inputFileListPaths = (
			);
			inputPaths = (
				"${PODS_ROOT}/Target Support Files/Pods-image-depth-z-buffer/Pods-image-depth-z-buffer-frameworks.sh",
				"${BUILT_PRODUCTS_DIR}/SnapKit/SnapKit.framework",
			);
			name = "[CP] Embed Pods Frameworks";
			outputFileListPaths = (
			);
			outputPaths = (
				"${TARGET_BUILD_DIR}/${FRAMEWORKS_FOLDER_PATH}/SnapKit.framework",
			);
			runOnlyForDeploymentPostprocessing = 0;
			shellPath = /bin/sh;
			shellScript = "\"${PODS_ROOT}/Target Support Files/Pods-image-depth-z-buffer/Pods-image-depth-z-buffer-frameworks.sh\"\n";
			showEnvVarsInLog = 0;
		};
		E0D70763FDCA9DA7A163E7E0 /* [CP] Check Pods Manifest.lock */ = {
			isa = PBXShellScriptBuildPhase;
			buildActionMask = 2147483647;
			files = (
			);
			inputFileListPaths = (
			);
			inputPaths = (
				"${PODS_PODFILE_DIR_PATH}/Podfile.lock",
				"${PODS_ROOT}/Manifest.lock",
			);
			name = "[CP] Check Pods Manifest.lock";
			outputFileListPaths = (
			);
			outputPaths = (
				"$(DERIVED_FILE_DIR)/Pods-image-depth-z-buffer-checkManifestLockResult.txt",
			);
			runOnlyForDeploymentPostprocessing = 0;
			shellPath = /bin/sh;
			shellScript = "diff \"${PODS_PODFILE_DIR_PATH}/Podfile.lock\" \"${PODS_ROOT}/Manifest.lock\" > /dev/null\nif [ $? != 0 ] ; then\n    # print error to STDERR\n    echo \"error: The sandbox is not in sync with the Podfile.lock. Run 'pod install' or update your CocoaPods installation.\" >&2\n    exit 1\nfi\n# This output is used by Xcode 'outputs' to avoid re-running this script phase.\necho \"SUCCESS\" > \"${SCRIPT_OUTPUT_FILE_0}\"\n";
			showEnvVarsInLog = 0;
		};
/* End PBXShellScriptBuildPhase section */

/* Begin PBXSourcesBuildPhase section */
		7CE2D61C22B79AF7001AA193 /* Sources */ = {
			isa = PBXSourcesBuildPhase;
			buildActionMask = 2147483647;
			files = (
				7CE2D64922B7EC1E001AA193 /* UIImage+Ext.swift in Sources */,
				7CF54DEE22B830EB008A4337 /* UIApplication+Ext.swift in Sources */,
				7CE2D62622B79AF7001AA193 /* MainVC.swift in Sources */,
				7CE2D64022B7CAD1001AA193 /* MainView.swift in Sources */,
				7CE2D64422B7E2CC001AA193 /* DepthReader.swift in Sources */,
				7CE2D64D22B8044E001AA193 /* CGImage+Ext.swift in Sources */,
				7CE2D64722B7E5A0001AA193 /* CVPixelBuffer+Ext.swift in Sources */,
				7CE2D64C22B8044E001AA193 /* CIImage+Ext.swift in Sources */,
				7CF54DEA22B828CF008A4337 /* ImageSaver.swift in Sources */,
				7CF54DE822B81FFE008A4337 /* URL+Ext.swift in Sources */,
				7CE2D64222B7CE9E001AA193 /* ImageLoader.swift in Sources */,
				7CE2D62422B79AF7001AA193 /* AppDelegate.swift in Sources */,
				7CF54DEC22B83070008A4337 /* AlertPresenter.swift in Sources */,
			);
			runOnlyForDeploymentPostprocessing = 0;
		};
/* End PBXSourcesBuildPhase section */

/* Begin PBXVariantGroup section */
		7CE2D62C22B79AF8001AA193 /* LaunchScreen.storyboard */ = {
			isa = PBXVariantGroup;
			children = (
				7CE2D62D22B79AF8001AA193 /* Base */,
			);
			name = LaunchScreen.storyboard;
			sourceTree = "<group>";
		};
/* End PBXVariantGroup section */

/* Begin XCBuildConfiguration section */
		7CE2D63022B79AF8001AA193 /* Debug */ = {
			isa = XCBuildConfiguration;
			buildSettings = {
				ALWAYS_SEARCH_USER_PATHS = NO;
				CLANG_ANALYZER_NONNULL = YES;
				CLANG_ANALYZER_NUMBER_OBJECT_CONVERSION = YES_AGGRESSIVE;
				CLANG_CXX_LANGUAGE_STANDARD = "gnu++14";
				CLANG_CXX_LIBRARY = "libc++";
				CLANG_ENABLE_MODULES = YES;
				CLANG_ENABLE_OBJC_ARC = YES;
				CLANG_ENABLE_OBJC_WEAK = YES;
				CLANG_WARN_BLOCK_CAPTURE_AUTORELEASING = YES;
				CLANG_WARN_BOOL_CONVERSION = YES;
				CLANG_WARN_COMMA = YES;
				CLANG_WARN_CONSTANT_CONVERSION = YES;
				CLANG_WARN_DEPRECATED_OBJC_IMPLEMENTATIONS = YES;
				CLANG_WARN_DIRECT_OBJC_ISA_USAGE = YES_ERROR;
				CLANG_WARN_DOCUMENTATION_COMMENTS = YES;
				CLANG_WARN_EMPTY_BODY = YES;
				CLANG_WARN_ENUM_CONVERSION = YES;
				CLANG_WARN_INFINITE_RECURSION = YES;
				CLANG_WARN_INT_CONVERSION = YES;
				CLANG_WARN_NON_LITERAL_NULL_CONVERSION = YES;
				CLANG_WARN_OBJC_IMPLICIT_RETAIN_SELF = YES;
				CLANG_WARN_OBJC_LITERAL_CONVERSION = YES;
				CLANG_WARN_OBJC_ROOT_CLASS = YES_ERROR;
				CLANG_WARN_RANGE_LOOP_ANALYSIS = YES;
				CLANG_WARN_STRICT_PROTOTYPES = YES;
				CLANG_WARN_SUSPICIOUS_MOVE = YES;
				CLANG_WARN_UNGUARDED_AVAILABILITY = YES_AGGRESSIVE;
				CLANG_WARN_UNREACHABLE_CODE = YES;
				CLANG_WARN__DUPLICATE_METHOD_MATCH = YES;
				CODE_SIGN_IDENTITY = "iPhone Developer";
				COPY_PHASE_STRIP = NO;
				DEBUG_INFORMATION_FORMAT = dwarf;
				ENABLE_STRICT_OBJC_MSGSEND = YES;
				ENABLE_TESTABILITY = YES;
				GCC_C_LANGUAGE_STANDARD = gnu11;
				GCC_DYNAMIC_NO_PIC = NO;
				GCC_NO_COMMON_BLOCKS = YES;
				GCC_OPTIMIZATION_LEVEL = 0;
				GCC_PREPROCESSOR_DEFINITIONS = (
					"DEBUG=1",
					"$(inherited)",
				);
				GCC_WARN_64_TO_32_BIT_CONVERSION = YES;
				GCC_WARN_ABOUT_RETURN_TYPE = YES_ERROR;
				GCC_WARN_UNDECLARED_SELECTOR = YES;
				GCC_WARN_UNINITIALIZED_AUTOS = YES_AGGRESSIVE;
				GCC_WARN_UNUSED_FUNCTION = YES;
				GCC_WARN_UNUSED_VARIABLE = YES;
				IPHONEOS_DEPLOYMENT_TARGET = 12.2;
				MTL_ENABLE_DEBUG_INFO = INCLUDE_SOURCE;
				MTL_FAST_MATH = YES;
				ONLY_ACTIVE_ARCH = YES;
				SDKROOT = iphoneos;
				SWIFT_ACTIVE_COMPILATION_CONDITIONS = DEBUG;
				SWIFT_OPTIMIZATION_LEVEL = "-Onone";
			};
			name = Debug;
		};
		7CE2D63122B79AF8001AA193 /* Release */ = {
			isa = XCBuildConfiguration;
			buildSettings = {
				ALWAYS_SEARCH_USER_PATHS = NO;
				CLANG_ANALYZER_NONNULL = YES;
				CLANG_ANALYZER_NUMBER_OBJECT_CONVERSION = YES_AGGRESSIVE;
				CLANG_CXX_LANGUAGE_STANDARD = "gnu++14";
				CLANG_CXX_LIBRARY = "libc++";
				CLANG_ENABLE_MODULES = YES;
				CLANG_ENABLE_OBJC_ARC = YES;
				CLANG_ENABLE_OBJC_WEAK = YES;
				CLANG_WARN_BLOCK_CAPTURE_AUTORELEASING = YES;
				CLANG_WARN_BOOL_CONVERSION = YES;
				CLANG_WARN_COMMA = YES;
				CLANG_WARN_CONSTANT_CONVERSION = YES;
				CLANG_WARN_DEPRECATED_OBJC_IMPLEMENTATIONS = YES;
				CLANG_WARN_DIRECT_OBJC_ISA_USAGE = YES_ERROR;
				CLANG_WARN_DOCUMENTATION_COMMENTS = YES;
				CLANG_WARN_EMPTY_BODY = YES;
				CLANG_WARN_ENUM_CONVERSION = YES;
				CLANG_WARN_INFINITE_RECURSION = YES;
				CLANG_WARN_INT_CONVERSION = YES;
				CLANG_WARN_NON_LITERAL_NULL_CONVERSION = YES;
				CLANG_WARN_OBJC_IMPLICIT_RETAIN_SELF = YES;
				CLANG_WARN_OBJC_LITERAL_CONVERSION = YES;
				CLANG_WARN_OBJC_ROOT_CLASS = YES_ERROR;
				CLANG_WARN_RANGE_LOOP_ANALYSIS = YES;
				CLANG_WARN_STRICT_PROTOTYPES = YES;
				CLANG_WARN_SUSPICIOUS_MOVE = YES;
				CLANG_WARN_UNGUARDED_AVAILABILITY = YES_AGGRESSIVE;
				CLANG_WARN_UNREACHABLE_CODE = YES;
				CLANG_WARN__DUPLICATE_METHOD_MATCH = YES;
				CODE_SIGN_IDENTITY = "iPhone Developer";
				COPY_PHASE_STRIP = NO;
				DEBUG_INFORMATION_FORMAT = "dwarf-with-dsym";
				ENABLE_NS_ASSERTIONS = NO;
				ENABLE_STRICT_OBJC_MSGSEND = YES;
				GCC_C_LANGUAGE_STANDARD = gnu11;
				GCC_NO_COMMON_BLOCKS = YES;
				GCC_WARN_64_TO_32_BIT_CONVERSION = YES;
				GCC_WARN_ABOUT_RETURN_TYPE = YES_ERROR;
				GCC_WARN_UNDECLARED_SELECTOR = YES;
				GCC_WARN_UNINITIALIZED_AUTOS = YES_AGGRESSIVE;
				GCC_WARN_UNUSED_FUNCTION = YES;
				GCC_WARN_UNUSED_VARIABLE = YES;
				IPHONEOS_DEPLOYMENT_TARGET = 12.2;
				MTL_ENABLE_DEBUG_INFO = NO;
				MTL_FAST_MATH = YES;
				SDKROOT = iphoneos;
				SWIFT_COMPILATION_MODE = wholemodule;
				SWIFT_OPTIMIZATION_LEVEL = "-O";
				VALIDATE_PRODUCT = YES;
			};
			name = Release;
		};
		7CE2D63322B79AF8001AA193 /* Debug */ = {
			isa = XCBuildConfiguration;
			baseConfigurationReference = 4855286FA5F11C8FA0D1D147 /* Pods-image-depth-z-buffer.debug.xcconfig */;
			buildSettings = {
				ASSETCATALOG_COMPILER_APPICON_NAME = AppIcon;
				CODE_SIGN_STYLE = Automatic;
				DEVELOPMENT_TEAM = MDWBDEPC5G;
				INFOPLIST_FILE = "$(SRCROOT)/image-depth-z-buffer/BundleFiles/Info.plist";
				LD_RUNPATH_SEARCH_PATHS = (
					"$(inherited)",
					"@executable_path/Frameworks",
				);
				PRODUCT_BUNDLE_IDENTIFIER = "serglam.image-depth-z-buffer";
				PRODUCT_NAME = "$(TARGET_NAME)";
				SWIFT_VERSION = 5.0;
				TARGETED_DEVICE_FAMILY = "1,2";
			};
			name = Debug;
		};
		7CE2D63422B79AF8001AA193 /* Release */ = {
			isa = XCBuildConfiguration;
			baseConfigurationReference = C59B5B6043B1785C222D64EE /* Pods-image-depth-z-buffer.release.xcconfig */;
			buildSettings = {
				ASSETCATALOG_COMPILER_APPICON_NAME = AppIcon;
				CODE_SIGN_STYLE = Automatic;
				DEVELOPMENT_TEAM = MDWBDEPC5G;
				INFOPLIST_FILE = "$(SRCROOT)/image-depth-z-buffer/BundleFiles/Info.plist";
				LD_RUNPATH_SEARCH_PATHS = (
					"$(inherited)",
					"@executable_path/Frameworks",
				);
				PRODUCT_BUNDLE_IDENTIFIER = "serglam.image-depth-z-buffer";
				PRODUCT_NAME = "$(TARGET_NAME)";
				SWIFT_VERSION = 5.0;
				TARGETED_DEVICE_FAMILY = "1,2";
			};
			name = Release;
		};
/* End XCBuildConfiguration section */

/* Begin XCConfigurationList section */
		7CE2D61B22B79AF7001AA193 /* Build configuration list for PBXProject "image-depth-z-buffer" */ = {
			isa = XCConfigurationList;
			buildConfigurations = (
				7CE2D63022B79AF8001AA193 /* Debug */,
				7CE2D63122B79AF8001AA193 /* Release */,
			);
			defaultConfigurationIsVisible = 0;
			defaultConfigurationName = Release;
		};
		7CE2D63222B79AF8001AA193 /* Build configuration list for PBXNativeTarget "image-depth-z-buffer" */ = {
			isa = XCConfigurationList;
			buildConfigurations = (
				7CE2D63322B79AF8001AA193 /* Debug */,
				7CE2D63422B79AF8001AA193 /* Release */,
			);
			defaultConfigurationIsVisible = 0;
			defaultConfigurationName = Release;
		};
/* End XCConfigurationList section */
	};
	rootObject = 7CE2D61822B79AF7001AA193 /* Project object */;
}
